
Microsoft Visual Studio Solution File, Format Version 12.00
# Visual Studio Version 17
VisualStudioVersion = 17.1.32421.90
MinimumVisualStudioVersion = 10.0.40219.1
Project("{9A19103F-16F7-4668-BE54-9A1E7A4F7556}") = "LoonsTimetable", "LoonsTimetable\LoonsTimetable.csproj", "{EA548A40-8BF8-48EF-A0B4-5336D4563730}"
EndProject
Project("{FAE04EC0-301F-11D3-BF4B-00C04F79EFBC}") = "LoonsTimetable.Test", "LoonsTimetable.Test\LoonsTimetable.Test.csproj", "{7012486E-8AE4-4F5D-A478-8F086EF2D904}"
EndProject
Project("{2150E333-8FDC-42A3-9474-1A3956D46DE8}") = "Solution Items", "Solution Items", "{0FB71C7C-AAD9-447F-BC4A-D77FD2C16788}"
	ProjectSection(SolutionItems) = preProject
		Readme.txt = Readme.txt
	EndProjectSection
EndProject
Global
	GlobalSection(SolutionConfigurationPlatforms) = preSolution
		Debug|Any CPU = Debug|Any CPU
		Release|Any CPU = Release|Any CPU
	EndGlobalSection
	GlobalSection(ProjectConfigurationPlatforms) = postSolution
		{EA548A40-8BF8-48EF-A0B4-5336D4563730}.Debug|Any CPU.ActiveCfg = Debug|Any CPU
		{EA548A40-8BF8-48EF-A0B4-5336D4563730}.Debug|Any CPU.Build.0 = Debug|Any CPU
		{EA548A40-8BF8-48EF-A0B4-5336D4563730}.Release|Any CPU.ActiveCfg = Release|Any CPU
		{EA548A40-8BF8-48EF-A0B4-5336D4563730}.Release|Any CPU.Build.0 = Release|Any CPU
		{7012486E-8AE4-4F5D-A478-8F086EF2D904}.Debug|Any CPU.ActiveCfg = Debug|Any CPU
		{7012486E-8AE4-4F5D-A478-8F086EF2D904}.Debug|Any CPU.Build.0 = Debug|Any CPU
		{7012486E-8AE4-4F5D-A478-8F086EF2D904}.Release|Any CPU.ActiveCfg = Release|Any CPU
		{7012486E-8AE4-4F5D-A478-8F086EF2D904}.Release|Any CPU.Build.0 = Release|Any CPU
	EndGlobalSection
	GlobalSection(SolutionProperties) = preSolution
		HideSolutionNode = FALSE
	EndGlobalSection
	GlobalSection(ExtensibilityGlobals) = postSolution
		SolutionGuid = {DA02E998-3CD1-4CD5-BF29-8A1864FB8A68}
	EndGlobalSection
EndGlobal
